
Microsoft Visual Studio Solution File, Format Version 12.00
# Visual Studio Version 17
VisualStudioVersion = 17.4.33110.190
MinimumVisualStudioVersion = 10.0.40219.1
Project("{9A19103F-16F7-4668-BE54-9A1E7A4F7556}") = "TodoAPI", "TodoAPI\TodoAPI.csproj", "{B7ECF066-1F8A-43A0-82AC-8959412A9321}"
EndProject
Project("{9A19103F-16F7-4668-BE54-9A1E7A4F7556}") = "Business", "Business\Business.csproj", "{3110FBF7-ED4E-46D2-BE04-B30F9D2610AF}"
EndProject
Project("{9A19103F-16F7-4668-BE54-9A1E7A4F7556}") = "DataAccess", "DataAccess\DataAccess.csproj", "{2EBA5220-9207-4A65-A51C-D95DD86BEAF0}"
EndProject
Project("{9A19103F-16F7-4668-BE54-9A1E7A4F7556}") = "Entity", "Entity\Entity.csproj", "{08C4B68F-234B-4E4A-BE68-9EB5B77B94A5}"
EndProject
Project("{9A19103F-16F7-4668-BE54-9A1E7A4F7556}") = "Core", "Core\Core.csproj", "{85AB8F38-7620-4B83-A184-2D24F1482E6E}"
EndProject
Project("{2150E333-8FDC-42A3-9474-1A3956D46DE8}") = "Readme", "Readme", "{C7435DE1-B86F-4D8B-B361-CADAF9C4D333}"
	ProjectSection(SolutionItems) = preProject
		ReadMe.txt = ReadMe.txt
	EndProjectSection
EndProject
Global
	GlobalSection(SolutionConfigurationPlatforms) = preSolution
		Debug|Any CPU = Debug|Any CPU
		Release|Any CPU = Release|Any CPU
	EndGlobalSection
	GlobalSection(ProjectConfigurationPlatforms) = postSolution
		{B7ECF066-1F8A-43A0-82AC-8959412A9321}.Debug|Any CPU.ActiveCfg = Debug|Any CPU
		{B7ECF066-1F8A-43A0-82AC-8959412A9321}.Debug|Any CPU.Build.0 = Debug|Any CPU
		{B7ECF066-1F8A-43A0-82AC-8959412A9321}.Release|Any CPU.ActiveCfg = Release|Any CPU
		{B7ECF066-1F8A-43A0-82AC-8959412A9321}.Release|Any CPU.Build.0 = Release|Any CPU
		{3110FBF7-ED4E-46D2-BE04-B30F9D2610AF}.Debug|Any CPU.ActiveCfg = Debug|Any CPU
		{3110FBF7-ED4E-46D2-BE04-B30F9D2610AF}.Debug|Any CPU.Build.0 = Debug|Any CPU
		{3110FBF7-ED4E-46D2-BE04-B30F9D2610AF}.Release|Any CPU.ActiveCfg = Release|Any CPU
		{3110FBF7-ED4E-46D2-BE04-B30F9D2610AF}.Release|Any CPU.Build.0 = Release|Any CPU
		{2EBA5220-9207-4A65-A51C-D95DD86BEAF0}.Debug|Any CPU.ActiveCfg = Debug|Any CPU
		{2EBA5220-9207-4A65-A51C-D95DD86BEAF0}.Debug|Any CPU.Build.0 = Debug|Any CPU
		{2EBA5220-9207-4A65-A51C-D95DD86BEAF0}.Release|Any CPU.ActiveCfg = Release|Any CPU
		{2EBA5220-9207-4A65-A51C-D95DD86BEAF0}.Release|Any CPU.Build.0 = Release|Any CPU
		{08C4B68F-234B-4E4A-BE68-9EB5B77B94A5}.Debug|Any CPU.ActiveCfg = Debug|Any CPU
		{08C4B68F-234B-4E4A-BE68-9EB5B77B94A5}.Debug|Any CPU.Build.0 = Debug|Any CPU
		{08C4B68F-234B-4E4A-BE68-9EB5B77B94A5}.Release|Any CPU.ActiveCfg = Release|Any CPU
		{08C4B68F-234B-4E4A-BE68-9EB5B77B94A5}.Release|Any CPU.Build.0 = Release|Any CPU
		{85AB8F38-7620-4B83-A184-2D24F1482E6E}.Debug|Any CPU.ActiveCfg = Debug|Any CPU
		{85AB8F38-7620-4B83-A184-2D24F1482E6E}.Debug|Any CPU.Build.0 = Debug|Any CPU
		{85AB8F38-7620-4B83-A184-2D24F1482E6E}.Release|Any CPU.ActiveCfg = Release|Any CPU
		{85AB8F38-7620-4B83-A184-2D24F1482E6E}.Release|Any CPU.Build.0 = Release|Any CPU
	EndGlobalSection
	GlobalSection(SolutionProperties) = preSolution
		HideSolutionNode = FALSE
	EndGlobalSection
	GlobalSection(ExtensibilityGlobals) = postSolution
		SolutionGuid = {F74C0FC8-A0A2-4557-8B11-AC6599100C1E}
	EndGlobalSection
EndGlobal
